// !$*UTF8*$!
{
	archiveVersion = 1;
	classes = {
	};
	objectVersion = 48;
	objects = {

/* Begin PBXBuildFile section */
		094AD2625A789669CE9C33EE /* Pods_Db.framework in Frameworks */ = {isa = PBXBuildFile; fileRef = 63D6E39339AD78428377EC5E /* Pods_Db.framework */; };
		7B36753620678165008B7063 /* AppDelegate.swift in Sources */ = {isa = PBXBuildFile; fileRef = 7B36753520678165008B7063 /* AppDelegate.swift */; };
		7B36753820678165008B7063 /* ViewController.swift in Sources */ = {isa = PBXBuildFile; fileRef = 7B36753720678165008B7063 /* ViewController.swift */; };
		7B36753B20678165008B7063 /* Main.storyboard in Resources */ = {isa = PBXBuildFile; fileRef = 7B36753920678165008B7063 /* Main.storyboard */; };
		7B36753D20678165008B7063 /* Assets.xcassets in Resources */ = {isa = PBXBuildFile; fileRef = 7B36753C20678165008B7063 /* Assets.xcassets */; };
		7B36754020678165008B7063 /* LaunchScreen.storyboard in Resources */ = {isa = PBXBuildFile; fileRef = 7B36753E20678165008B7063 /* LaunchScreen.storyboard */; };
		7B367548206787FB008B7063 /* DbOperation.php in Resources */ = {isa = PBXBuildFile; fileRef = 7B367547206787FB008B7063 /* DbOperation.php */; };
		7BDAE9AF2067933400BC8288 /* Alamofire.framework in Frameworks */ = {isa = PBXBuildFile; fileRef = 7BDAE9B02067933400BC8288 /* Alamofire.framework */; };
/* End PBXBuildFile section */

/* Begin PBXFileReference section */
		63D6E39339AD78428377EC5E /* Pods_Db.framework */ = {isa = PBXFileReference; explicitFileType = wrapper.framework; includeInIndex = 0; path = Pods_Db.framework; sourceTree = BUILT_PRODUCTS_DIR; };
		7B36753220678165008B7063 /* Db.app */ = {isa = PBXFileReference; explicitFileType = wrapper.application; includeInIndex = 0; path = Db.app; sourceTree = BUILT_PRODUCTS_DIR; };
		7B36753520678165008B7063 /* AppDelegate.swift */ = {isa = PBXFileReference; lastKnownFileType = sourcecode.swift; path = AppDelegate.swift; sourceTree = "<group>"; };
		7B36753720678165008B7063 /* ViewController.swift */ = {isa = PBXFileReference; lastKnownFileType = sourcecode.swift; path = ViewController.swift; sourceTree = "<group>"; };
		7B36753A20678165008B7063 /* Base */ = {isa = PBXFileReference; lastKnownFileType = file.storyboard; name = Base; path = Base.lproj/Main.storyboard; sourceTree = "<group>"; };
		7B36753C20678165008B7063 /* Assets.xcassets */ = {isa = PBXFileReference; lastKnownFileType = folder.assetcatalog; path = Assets.xcassets; sourceTree = "<group>"; };
		7B36753F20678165008B7063 /* Base */ = {isa = PBXFileReference; lastKnownFileType = file.storyboard; name = Base; path = Base.lproj/LaunchScreen.storyboard; sourceTree = "<group>"; };
		7B36754120678165008B7063 /* Info.plist */ = {isa = PBXFileReference; lastKnownFileType = text.plist.xml; path = Info.plist; sourceTree = "<group>"; };
		7B367547206787FB008B7063 /* DbOperation.php */ = {isa = PBXFileReference; lastKnownFileType = text.script.php; path = DbOperation.php; sourceTree = "<group>"; };
		7BDAE9B02067933400BC8288 /* Alamofire.framework */ = {isa = PBXFileReference; explicitFileType = wrapper.framework; path = Alamofire.framework; sourceTree = BUILT_PRODUCTS_DIR; };
		93221E6049BD700B57F0A06A /* Pods-Db.debug.xcconfig */ = {isa = PBXFileReference; includeInIndex = 1; lastKnownFileType = text.xcconfig; name = "Pods-Db.debug.xcconfig"; path = "Pods/Target Support Files/Pods-Db/Pods-Db.debug.xcconfig"; sourceTree = "<group>"; };
		F1E4BBA5CCB32953AA459F94 /* Pods-Db.release.xcconfig */ = {isa = PBXFileReference; includeInIndex = 1; lastKnownFileType = text.xcconfig; name = "Pods-Db.release.xcconfig"; path = "Pods/Target Support Files/Pods-Db/Pods-Db.release.xcconfig"; sourceTree = "<group>"; };
/* End PBXFileReference section */

/* Begin PBXFrameworksBuildPhase section */
		7B36752F20678165008B7063 /* Frameworks */ = {
			isa = PBXFrameworksBuildPhase;
			buildActionMask = 2147483647;
			files = (
				7BDAE9AF2067933400BC8288 /* Alamofire.framework in Frameworks */,
				094AD2625A789669CE9C33EE /* Pods_Db.framework in Frameworks */,
			);
			runOnlyForDeploymentPostprocessing = 0;
		};
/* End PBXFrameworksBuildPhase section */

/* Begin PBXGroup section */
		144FB1E612D13A117D07B502 /* Frameworks */ = {
			isa = PBXGroup;
			children = (
				7BDAE9B02067933400BC8288 /* Alamofire.framework */,
				63D6E39339AD78428377EC5E /* Pods_Db.framework */,
			);
			name = Frameworks;
			sourceTree = "<group>";
		};
		7B36752920678165008B7063 = {
			isa = PBXGroup;
			children = (
				7B36753420678165008B7063 /* Db */,
				7B36753320678165008B7063 /* Products */,
				BA9DD6FEFBB1F14CD51A5099 /* Pods */,
				144FB1E612D13A117D07B502 /* Frameworks */,
			);
			sourceTree = "<group>";
		};
		7B36753320678165008B7063 /* Products */ = {
			isa = PBXGroup;
			children = (
				7B36753220678165008B7063 /* Db.app */,
			);
			name = Products;
			sourceTree = "<group>";
		};
		7B36753420678165008B7063 /* Db */ = {
			isa = PBXGroup;
			children = (
				7B36753520678165008B7063 /* AppDelegate.swift */,
				7B36753720678165008B7063 /* ViewController.swift */,
				7B36753920678165008B7063 /* Main.storyboard */,
				7B367547206787FB008B7063 /* DbOperation.php */,
				7B36753C20678165008B7063 /* Assets.xcassets */,
				7B36753E20678165008B7063 /* LaunchScreen.storyboard */,
				7B36754120678165008B7063 /* Info.plist */,
			);
			path = Db;
			sourceTree = "<group>";
		};
		BA9DD6FEFBB1F14CD51A5099 /* Pods */ = {
			isa = PBXGroup;
			children = (
				93221E6049BD700B57F0A06A /* Pods-Db.debug.xcconfig */,
				F1E4BBA5CCB32953AA459F94 /* Pods-Db.release.xcconfig */,
			);
			name = Pods;
			sourceTree = "<group>";
		};
/* End PBXGroup section */

/* Begin PBXNativeTarget section */
		7B36753120678165008B7063 /* Db */ = {
			isa = PBXNativeTarget;
			buildConfigurationList = 7B36754420678165008B7063 /* Build configuration list for PBXNativeTarget "Db" */;
			buildPhases = (
				7DF0059846634C1223AE5C35 /* [CP] Check Pods Manifest.lock */,
				7B36752E20678165008B7063 /* Sources */,
				7B36752F20678165008B7063 /* Frameworks */,
				7B36753020678165008B7063 /* Resources */,
				1D1B0CDA83019447EBE16D24 /* [CP] Embed Pods Frameworks */,
				BA8A5381AEDEB69D40C88489 /* [CP] Copy Pods Resources */,
			);
			buildRules = (
			);
			dependencies = (
			);
			name = Db;
			productName = Db;
			productReference = 7B36753220678165008B7063 /* Db.app */;
			productType = "com.apple.product-type.application";
		};
/* End PBXNativeTarget section */

/* Begin PBXProject section */
		7B36752A20678165008B7063 /* Project object */ = {
			isa = PBXProject;
			attributes = {
				LastSwiftUpdateCheck = 0920;
				LastUpgradeCheck = 0920;
				ORGANIZATIONNAME = hmar;
				TargetAttributes = {
					7B36753120678165008B7063 = {
						CreatedOnToolsVersion = 9.2;
						ProvisioningStyle = Automatic;
					};
				};
			};
			buildConfigurationList = 7B36752D20678165008B7063 /* Build configuration list for PBXProject "Db" */;
			compatibilityVersion = "Xcode 8.0";
			developmentRegion = en;
			hasScannedForEncodings = 0;
			knownRegions = (
				en,
				Base,
			);
			mainGroup = 7B36752920678165008B7063;
			productRefGroup = 7B36753320678165008B7063 /* Products */;
			projectDirPath = "";
			projectRoot = "";
			targets = (
				7B36753120678165008B7063 /* Db */,
			);
		};
/* End PBXProject section */

/* Begin PBXResourcesBuildPhase section */
		7B36753020678165008B7063 /* Resources */ = {
			isa = PBXResourcesBuildPhase;
			buildActionMask = 2147483647;
			files = (
				7B367548206787FB008B7063 /* DbOperation.php in Resources */,
				7B36754020678165008B7063 /* LaunchScreen.storyboard in Resources */,
				7B36753D20678165008B7063 /* Assets.xcassets in Resources */,
				7B36753B20678165008B7063 /* Main.storyboard in Resources */,
			);
			runOnlyForDeploymentPostprocessing = 0;
		};
/* End PBXResourcesBuildPhase section */

/* Begin PBXShellScriptBuildPhase section */
		1D1B0CDA83019447EBE16D24 /* [CP] Embed Pods Frameworks */ = {
			isa = PBXShellScriptBuildPhase;
			buildActionMask = 2147483647;
			files = (
			);
			inputPaths = (
				"${SRCROOT}/Pods/Target Support Files/Pods-Db/Pods-Db-frameworks.sh",
				"${BUILT_PRODUCTS_DIR}/Alamofire/Alamofire.framework",
				"${BUILT_PRODUCTS_DIR}/SQLite.swift/SQLite.framework",
			);
			name = "[CP] Embed Pods Frameworks";
			outputPaths = (
				"${TARGET_BUILD_DIR}/${FRAMEWORKS_FOLDER_PATH}/Alamofire.framework",
				"${TARGET_BUILD_DIR}/${FRAMEWORKS_FOLDER_PATH}/SQLite.framework",
			);
			runOnlyForDeploymentPostprocessing = 0;
			shellPath = /bin/sh;
			shellScript = "\"${SRCROOT}/Pods/Target Support Files/Pods-Db/Pods-Db-frameworks.sh\"\n";
			showEnvVarsInLog = 0;
		};
		7DF0059846634C1223AE5C35 /* [CP] Check Pods Manifest.lock */ = {
			isa = PBXShellScriptBuildPhase;
			buildActionMask = 2147483647;
			files = (
			);
			inputPaths = (
				"${PODS_PODFILE_DIR_PATH}/Podfile.lock",
				"${PODS_ROOT}/Manifest.lock",
			);
			name = "[CP] Check Pods Manifest.lock";
			outputPaths = (
				"$(DERIVED_FILE_DIR)/Pods-Db-checkManifestLockResult.txt",
			);
			runOnlyForDeploymentPostprocessing = 0;
			shellPath = /bin/sh;
			shellScript = "diff \"${PODS_PODFILE_DIR_PATH}/Podfile.lock\" \"${PODS_ROOT}/Manifest.lock\" > /dev/null\nif [ $? != 0 ] ; then\n    # print error to STDERR\n    echo \"error: The sandbox is not in sync with the Podfile.lock. Run 'pod install' or update your CocoaPods installation.\" >&2\n    exit 1\nfi\n# This output is used by Xcode 'outputs' to avoid re-running this script phase.\necho \"SUCCESS\" > \"${SCRIPT_OUTPUT_FILE_0}\"\n";
			showEnvVarsInLog = 0;
		};
		BA8A5381AEDEB69D40C88489 /* [CP] Copy Pods Resources */ = {
			isa = PBXShellScriptBuildPhase;
			buildActionMask = 2147483647;
			files = (
			);
			inputPaths = (
			);
			name = "[CP] Copy Pods Resources";
			outputPaths = (
			);
			runOnlyForDeploymentPostprocessing = 0;
			shellPath = /bin/sh;
			shellScript = "\"${SRCROOT}/Pods/Target Support Files/Pods-Db/Pods-Db-resources.sh\"\n";
			showEnvVarsInLog = 0;
		};
/* End PBXShellScriptBuildPhase section */

/* Begin PBXSourcesBuildPhase section */
		7B36752E20678165008B7063 /* Sources */ = {
			isa = PBXSourcesBuildPhase;
			buildActionMask = 2147483647;
			files = (
				7B36753820678165008B7063 /* ViewController.swift in Sources */,
				7B36753620678165008B7063 /* AppDelegate.swift in Sources */,
			);
			runOnlyForDeploymentPostprocessing = 0;
		};
/* End PBXSourcesBuildPhase section */

/* Begin PBXVariantGroup section */
		7B36753920678165008B7063 /* Main.storyboard */ = {
			isa = PBXVariantGroup;
			children = (
				7B36753A20678165008B7063 /* Base */,
			);
			name = Main.storyboard;
			sourceTree = "<group>";
		};
		7B36753E20678165008B7063 /* LaunchScreen.storyboard */ = {
			isa = PBXVariantGroup;
			children = (
				7B36753F20678165008B7063 /* Base */,
			);
			name = LaunchScreen.storyboard;
			sourceTree = "<group>";
		};
/* End PBXVariantGroup section */

/* Begin XCBuildConfiguration section */
		7B36754220678165008B7063 /* Debug */ = {
			isa = XCBuildConfiguration;
			buildSettings = {
				ALWAYS_SEARCH_USER_PATHS = NO;
				CLANG_ANALYZER_NONNULL = YES;
				CLANG_ANALYZER_NUMBER_OBJECT_CONVERSION = YES_AGGRESSIVE;
				CLANG_CXX_LANGUAGE_STANDARD = "gnu++14";
				CLANG_CXX_LIBRARY = "libc++";
				CLANG_ENABLE_MODULES = YES;
				CLANG_ENABLE_OBJC_ARC = YES;
				CLANG_WARN_BLOCK_CAPTURE_AUTORELEASING = YES;
				CLANG_WARN_BOOL_CONVERSION = YES;
				CLANG_WARN_COMMA = YES;
				CLANG_WARN_CONSTANT_CONVERSION = YES;
				CLANG_WARN_DIRECT_OBJC_ISA_USAGE = YES_ERROR;
				CLANG_WARN_DOCUMENTATION_COMMENTS = YES;
				CLANG_WARN_EMPTY_BODY = YES;
				CLANG_WARN_ENUM_CONVERSION = YES;
				CLANG_WARN_INFINITE_RECURSION = YES;
				CLANG_WARN_INT_CONVERSION = YES;
				CLANG_WARN_NON_LITERAL_NULL_CONVERSION = YES;
				CLANG_WARN_OBJC_LITERAL_CONVERSION = YES;
				CLANG_WARN_OBJC_ROOT_CLASS = YES_ERROR;
				CLANG_WARN_RANGE_LOOP_ANALYSIS = YES;
				CLANG_WARN_STRICT_PROTOTYPES = YES;
				CLANG_WARN_SUSPICIOUS_MOVE = YES;
				CLANG_WARN_UNGUARDED_AVAILABILITY = YES_AGGRESSIVE;
				CLANG_WARN_UNREACHABLE_CODE = YES;
				CLANG_WARN__DUPLICATE_METHOD_MATCH = YES;
				CODE_SIGN_IDENTITY = "iPhone Developer";
				COPY_PHASE_STRIP = NO;
				DEBUG_INFORMATION_FORMAT = dwarf;
				ENABLE_STRICT_OBJC_MSGSEND = YES;
				ENABLE_TESTABILITY = YES;
				GCC_C_LANGUAGE_STANDARD = gnu11;
				GCC_DYNAMIC_NO_PIC = NO;
				GCC_NO_COMMON_BLOCKS = YES;
				GCC_OPTIMIZATION_LEVEL = 0;
				GCC_PREPROCESSOR_DEFINITIONS = (
					"DEBUG=1",
					"$(inherited)",
				);
				GCC_WARN_64_TO_32_BIT_CONVERSION = YES;
				GCC_WARN_ABOUT_RETURN_TYPE = YES_ERROR;
				GCC_WARN_UNDECLARED_SELECTOR = YES;
				GCC_WARN_UNINITIALIZED_AUTOS = YES_AGGRESSIVE;
				GCC_WARN_UNUSED_FUNCTION = YES;
				GCC_WARN_UNUSED_VARIABLE = YES;
				IPHONEOS_DEPLOYMENT_TARGET = 11.2;
				MTL_ENABLE_DEBUG_INFO = YES;
				ONLY_ACTIVE_ARCH = YES;
				SDKROOT = iphoneos;
				SWIFT_ACTIVE_COMPILATION_CONDITIONS = DEBUG;
				SWIFT_OPTIMIZATION_LEVEL = "-Onone";
			};
			name = Debug;
		};
		7B36754320678165008B7063 /* Release */ = {
			isa = XCBuildConfiguration;
			buildSettings = {
				ALWAYS_SEARCH_USER_PATHS = NO;
				CLANG_ANALYZER_NONNULL = YES;
				CLANG_ANALYZER_NUMBER_OBJECT_CONVERSION = YES_AGGRESSIVE;
				CLANG_CXX_LANGUAGE_STANDARD = "gnu++14";
				CLANG_CXX_LIBRARY = "libc++";
				CLANG_ENABLE_MODULES = YES;
				CLANG_ENABLE_OBJC_ARC = YES;
				CLANG_WARN_BLOCK_CAPTURE_AUTORELEASING = YES;
				CLANG_WARN_BOOL_CONVERSION = YES;
				CLANG_WARN_COMMA = YES;
				CLANG_WARN_CONSTANT_CONVERSION = YES;
				CLANG_WARN_DIRECT_OBJC_ISA_USAGE = YES_ERROR;
				CLANG_WARN_DOCUMENTATION_COMMENTS = YES;
				CLANG_WARN_EMPTY_BODY = YES;
				CLANG_WARN_ENUM_CONVERSION = YES;
				CLANG_WARN_INFINITE_RECURSION = YES;
				CLANG_WARN_INT_CONVERSION = YES;
				CLANG_WARN_NON_LITERAL_NULL_CONVERSION = YES;
				CLANG_WARN_OBJC_LITERAL_CONVERSION = YES;
				CLANG_WARN_OBJC_ROOT_CLASS = YES_ERROR;
				CLANG_WARN_RANGE_LOOP_ANALYSIS = YES;
				CLANG_WARN_STRICT_PROTOTYPES = YES;
				CLANG_WARN_SUSPICIOUS_MOVE = YES;
				CLANG_WARN_UNGUARDED_AVAILABILITY = YES_AGGRESSIVE;
				CLANG_WARN_UNREACHABLE_CODE = YES;
				CLANG_WARN__DUPLICATE_METHOD_MATCH = YES;
				CODE_SIGN_IDENTITY = "iPhone Developer";
				COPY_PHASE_STRIP = NO;
				DEBUG_INFORMATION_FORMAT = "dwarf-with-dsym";
				ENABLE_NS_ASSERTIONS = NO;
				ENABLE_STRICT_OBJC_MSGSEND = YES;
				GCC_C_LANGUAGE_STANDARD = gnu11;
				GCC_NO_COMMON_BLOCKS = YES;
				GCC_WARN_64_TO_32_BIT_CONVERSION = YES;
				GCC_WARN_ABOUT_RETURN_TYPE = YES_ERROR;
				GCC_WARN_UNDECLARED_SELECTOR = YES;
				GCC_WARN_UNINITIALIZED_AUTOS = YES_AGGRESSIVE;
				GCC_WARN_UNUSED_FUNCTION = YES;
				GCC_WARN_UNUSED_VARIABLE = YES;
				IPHONEOS_DEPLOYMENT_TARGET = 11.2;
				MTL_ENABLE_DEBUG_INFO = NO;
				SDKROOT = iphoneos;
				SWIFT_OPTIMIZATION_LEVEL = "-Owholemodule";
				VALIDATE_PRODUCT = YES;
			};
			name = Release;
		};
		7B36754520678165008B7063 /* Debug */ = {
			isa = XCBuildConfiguration;
			baseConfigurationReference = 93221E6049BD700B57F0A06A /* Pods-Db.debug.xcconfig */;
			buildSettings = {
				ASSETCATALOG_COMPILER_APPICON_NAME = AppIcon;
				CODE_SIGN_STYLE = Automatic;
				INFOPLIST_FILE = Db/Info.plist;
				LD_RUNPATH_SEARCH_PATHS = "$(inherited) @executable_path/Frameworks";
				PRODUCT_BUNDLE_IDENTIFIER = hmar.Db;
				PRODUCT_NAME = "$(TARGET_NAME)";
				SWIFT_VERSION = 4.0;
				TARGETED_DEVICE_FAMILY = "1,2";
			};
			name = Debug;
		};
		7B36754620678165008B7063 /* Release */ = {
			isa = XCBuildConfiguration;
			baseConfigurationReference = F1E4BBA5CCB32953AA459F94 /* Pods-Db.release.xcconfig */;
			buildSettings = {
				ASSETCATALOG_COMPILER_APPICON_NAME = AppIcon;
				CODE_SIGN_STYLE = Automatic;
				INFOPLIST_FILE = Db/Info.plist;
				LD_RUNPATH_SEARCH_PATHS = "$(inherited) @executable_path/Frameworks";
				PRODUCT_BUNDLE_IDENTIFIER = hmar.Db;
				PRODUCT_NAME = "$(TARGET_NAME)";
				SWIFT_VERSION = 4.0;
				TARGETED_DEVICE_FAMILY = "1,2";
			};
			name = Release;
		};
/* End XCBuildConfiguration section */

/* Begin XCConfigurationList section */
		7B36752D20678165008B7063 /* Build configuration list for PBXProject "Db" */ = {
			isa = XCConfigurationList;
			buildConfigurations = (
				7B36754220678165008B7063 /* Debug */,
				7B36754320678165008B7063 /* Release */,
			);
			defaultConfigurationIsVisible = 0;
			defaultConfigurationName = Release;
		};
		7B36754420678165008B7063 /* Build configuration list for PBXNativeTarget "Db" */ = {
			isa = XCConfigurationList;
			buildConfigurations = (
				7B36754520678165008B7063 /* Debug */,
				7B36754620678165008B7063 /* Release */,
			);
			defaultConfigurationIsVisible = 0;
			defaultConfigurationName = Release;
		};
/* End XCConfigurationList section */
	};
	rootObject = 7B36752A20678165008B7063 /* Project object */;
}
